
Microsoft Visual Studio Solution File, Format Version 12.00
# Visual Studio Version 17
VisualStudioVersion = 17.0.32126.317
MinimumVisualStudioVersion = 10.0.40219.1
Project("{FAE04EC0-301F-11D3-BF4B-00C04F79EFBC}") = "WorldskillsChina2018", "WorldskillsChina2018\WorldskillsChina2018.csproj", "{D5119C4B-2A23-471F-8E1C-FDA622C17F8F}"
EndProject
Global
	GlobalSection(SolutionConfigurationPlatforms) = preSolution
		Debug|Any CPU = Debug|Any CPU
		Release|Any CPU = Release|Any CPU
	EndGlobalSection
	GlobalSection(ProjectConfigurationPlatforms) = postSolution
		{D5119C4B-2A23-471F-8E1C-FDA622C17F8F}.Debug|Any CPU.ActiveCfg = Debug|Any CPU
		{D5119C4B-2A23-471F-8E1C-FDA622C17F8F}.Debug|Any CPU.Build.0 = Debug|Any CPU
		{D5119C4B-2A23-471F-8E1C-FDA622C17F8F}.Release|Any CPU.ActiveCfg = Release|Any CPU
		{D5119C4B-2A23-471F-8E1C-FDA622C17F8F}.Release|Any CPU.Build.0 = Release|Any CPU
	EndGlobalSection
	GlobalSection(SolutionProperties) = preSolution
		HideSolutionNode = FALSE
	EndGlobalSection
	GlobalSection(ExtensibilityGlobals) = postSolution
		SolutionGuid = {7813862E-F64C-432E-BFE7-6485E4890E07}
	EndGlobalSection
EndGlobal
